name: TF Force Unlock
on:
  workflow_dispatch:
    inputs:
      lock_id:
        description: "Terraform lock ID from the error (the long UUID)"
        required: true
jobs:
  unlock:
    runs-on: ubuntu-latest
    steps:
      - uses: actions/checkout@v4

      - uses: aws-actions/configure-aws-credentials@v4
        with:
          role-to-assume: ${{ secrets.AWS_ROLE_ARN }}
          aws-region: us-west-1

      - uses: hashicorp/setup-terraform@v3

      - name: Force unlock
        working-directory: terraform
        run: |
          terraform init -reconfigure
          terraform force-unlock -force "${{ github.event.inputs.lock_id }}"
