name: TF Force Unlock

on:
  workflow_dispatch:
    inputs:
      lock_id:
        description: "Terraform lock ID (UUID from the error)"
        required: true
        type: string

permissions:
  id-token: write      # <-- REQUIRED for OIDC
  contents: read

jobs:
  unlock:
    runs-on: ubuntu-latest
    steps:
      - uses: actions/checkout@v4

      - name: Configure AWS (OIDC)
        uses: aws-actions/configure-aws-credentials@v4
        with:
          role-to-assume: ${{ secrets.AWS_ROLE_ARN }}   # already used in your other workflows
          aws-region: us-west-1

      - name: Setup Terraform
        uses: hashicorp/setup-terraform@v3

      - name: Force unlock
        working-directory: terraform
        run: |
          terraform init -reconfigure -input=false
          terraform force-unlock -force "${{ inputs.lock_id }}"
